
Microsoft Visual Studio Solution File, Format Version 12.00
# Visual Studio 15
VisualStudioVersion = 15.0.28307.421
MinimumVisualStudioVersion = 10.0.40219.1
Project("{FAE04EC0-301F-11D3-BF4B-00C04F79EFBC}") = "AirTrafficMonitor.Lib", "AirTrafficMonitor.Lib\AirTrafficMonitor.Lib.csproj", "{1A6AA597-5E1B-4419-B642-8FA370DE485F}"
EndProject
Project("{FAE04EC0-301F-11D3-BF4B-00C04F79EFBC}") = "AirTrafficMonitor.Lib.UnitTests", "AirTrafficMonitor.Lib.UnitTests\AirTrafficMonitor.Lib.UnitTests.csproj", "{AB3C8C02-1BE7-40A4-BECF-F2689D56B845}"
EndProject
Project("{2150E333-8FDC-42A3-9474-1A3956D46DE8}") = "Solution Items", "Solution Items", "{50930412-C1FB-44B6-9999-1CDA81DF36F1}"
	ProjectSection(SolutionItems) = preProject
		dotCoverCoverageConfig.xml = dotCoverCoverageConfig.xml
	EndProjectSection
EndProject
Project("{FAE04EC0-301F-11D3-BF4B-00C04F79EFBC}") = "AirTrafficMonitor.Gui", "AirTrafficMonitor.Gui\AirTrafficMonitor.Gui.csproj", "{4E61EC4B-907D-4522-A1DF-C684E373D5A6}"
EndProject
Global
	GlobalSection(SolutionConfigurationPlatforms) = preSolution
		Debug|Any CPU = Debug|Any CPU
		Release|Any CPU = Release|Any CPU
	EndGlobalSection
	GlobalSection(ProjectConfigurationPlatforms) = postSolution
		{1A6AA597-5E1B-4419-B642-8FA370DE485F}.Debug|Any CPU.ActiveCfg = Debug|Any CPU
		{1A6AA597-5E1B-4419-B642-8FA370DE485F}.Debug|Any CPU.Build.0 = Debug|Any CPU
		{1A6AA597-5E1B-4419-B642-8FA370DE485F}.Release|Any CPU.ActiveCfg = Release|Any CPU
		{1A6AA597-5E1B-4419-B642-8FA370DE485F}.Release|Any CPU.Build.0 = Release|Any CPU
		{AB3C8C02-1BE7-40A4-BECF-F2689D56B845}.Debug|Any CPU.ActiveCfg = Debug|Any CPU
		{AB3C8C02-1BE7-40A4-BECF-F2689D56B845}.Debug|Any CPU.Build.0 = Debug|Any CPU
		{AB3C8C02-1BE7-40A4-BECF-F2689D56B845}.Release|Any CPU.ActiveCfg = Release|Any CPU
		{AB3C8C02-1BE7-40A4-BECF-F2689D56B845}.Release|Any CPU.Build.0 = Release|Any CPU
		{4E61EC4B-907D-4522-A1DF-C684E373D5A6}.Debug|Any CPU.ActiveCfg = Debug|Any CPU
		{4E61EC4B-907D-4522-A1DF-C684E373D5A6}.Debug|Any CPU.Build.0 = Debug|Any CPU
		{4E61EC4B-907D-4522-A1DF-C684E373D5A6}.Release|Any CPU.ActiveCfg = Release|Any CPU
		{4E61EC4B-907D-4522-A1DF-C684E373D5A6}.Release|Any CPU.Build.0 = Release|Any CPU
	EndGlobalSection
	GlobalSection(SolutionProperties) = preSolution
		HideSolutionNode = FALSE
	EndGlobalSection
	GlobalSection(ExtensibilityGlobals) = postSolution
		SolutionGuid = {8ADC8372-2F12-43A1-9145-2AA1212263D3}
	EndGlobalSection
EndGlobal
